
Microsoft Visual Studio Solution File, Format Version 12.00
# Visual Studio Version 17
VisualStudioVersion = 17.13.36105.23
MinimumVisualStudioVersion = 10.0.40219.1
Project("{2150E333-8FDC-42A3-9474-1A3956D46DE8}") = "FileAndFolderFinder", "FileAndFolderFinder", "{02EA681E-C7D8-13C7-8484-4AC65E1B71E8}"
EndProject
Project("{FAE04EC0-301F-11D3-BF4B-00C04F79EFBC}") = "FileAndFolderFinder.App", "FileAndFolderFinder.App\FileAndFolderFinder.App.csproj", "{E724582C-0E6B-4D1A-B269-14C51D250159}"
EndProject
Project("{FAE04EC0-301F-11D3-BF4B-00C04F79EFBC}") = "FileAndFolderFinder.Tests", "FileAndFolderFinder.Tests\FileAndFolderFinder.Tests.csproj", "{BAFE44B0-CD03-467C-ABE6-044FBACC6E00}"
EndProject
Global
	GlobalSection(SolutionConfigurationPlatforms) = preSolution
		Debug|Any CPU = Debug|Any CPU
		Release|Any CPU = Release|Any CPU
	EndGlobalSection
	GlobalSection(ProjectConfigurationPlatforms) = postSolution
		{E724582C-0E6B-4D1A-B269-14C51D250159}.Debug|Any CPU.ActiveCfg = Debug|Any CPU
		{E724582C-0E6B-4D1A-B269-14C51D250159}.Debug|Any CPU.Build.0 = Debug|Any CPU
		{E724582C-0E6B-4D1A-B269-14C51D250159}.Release|Any CPU.ActiveCfg = Release|Any CPU
		{E724582C-0E6B-4D1A-B269-14C51D250159}.Release|Any CPU.Build.0 = Release|Any CPU
		{BAFE44B0-CD03-467C-ABE6-044FBACC6E00}.Debug|Any CPU.ActiveCfg = Debug|Any CPU
		{BAFE44B0-CD03-467C-ABE6-044FBACC6E00}.Debug|Any CPU.Build.0 = Debug|Any CPU
		{BAFE44B0-CD03-467C-ABE6-044FBACC6E00}.Release|Any CPU.ActiveCfg = Release|Any CPU
		{BAFE44B0-CD03-467C-ABE6-044FBACC6E00}.Release|Any CPU.Build.0 = Release|Any CPU
	EndGlobalSection
	GlobalSection(SolutionProperties) = preSolution
		HideSolutionNode = FALSE
	EndGlobalSection
	GlobalSection(NestedProjects) = preSolution
		{E724582C-0E6B-4D1A-B269-14C51D250159} = {02EA681E-C7D8-13C7-8484-4AC65E1B71E8}
		{BAFE44B0-CD03-467C-ABE6-044FBACC6E00} = {02EA681E-C7D8-13C7-8484-4AC65E1B71E8}
	EndGlobalSection
	GlobalSection(ExtensibilityGlobals) = postSolution
		SolutionGuid = {7C5DEC07-6D2E-46BB-95BB-241B240C5D31}
	EndGlobalSection
EndGlobal
